// !$*UTF8*$!
{
	archiveVersion = 1;
	classes = {
	};
	objectVersion = 51;
	objects = {

/* Begin PBXBuildFile section */
		1D258710235467E200535202 /* tripplannerTests.swift in Sources */ = {isa = PBXBuildFile; fileRef = 1D25870F235467E200535202 /* tripplannerTests.swift */; };
		1D29896A2351C0470040652E /* AppDelegate.swift in Sources */ = {isa = PBXBuildFile; fileRef = 1D2989692351C0470040652E /* AppDelegate.swift */; };
		1D29896C2351C0470040652E /* BookingsView.swift in Sources */ = {isa = PBXBuildFile; fileRef = 1D29896B2351C0470040652E /* BookingsView.swift */; };
		1D29896E2351C0470040652E /* PastTripsView.swift in Sources */ = {isa = PBXBuildFile; fileRef = 1D29896D2351C0470040652E /* PastTripsView.swift */; };
		1D2989712351C0470040652E /* Main.storyboard in Resources */ = {isa = PBXBuildFile; fileRef = 1D29896F2351C0470040652E /* Main.storyboard */; };
		1D2989732351C0480040652E /* Assets.xcassets in Resources */ = {isa = PBXBuildFile; fileRef = 1D2989722351C0480040652E /* Assets.xcassets */; };
		1D2989762351C0480040652E /* LaunchScreen.storyboard in Resources */ = {isa = PBXBuildFile; fileRef = 1D2989742351C0480040652E /* LaunchScreen.storyboard */; };
		1D2989882351D18E0040652E /* BookingsPresenter.swift in Sources */ = {isa = PBXBuildFile; fileRef = 1D2989872351D18E0040652E /* BookingsPresenter.swift */; };
		1D29898A2351D1DC0040652E /* BookingsInteractor.swift in Sources */ = {isa = PBXBuildFile; fileRef = 1D2989892351D1DC0040652E /* BookingsInteractor.swift */; };
		1D29898D2351D6190040652E /* TripViewCell.swift in Sources */ = {isa = PBXBuildFile; fileRef = 1D29898B2351D6190040652E /* TripViewCell.swift */; };
		1D29898E2351D6190040652E /* TripViewCell.xib in Resources */ = {isa = PBXBuildFile; fileRef = 1D29898C2351D6190040652E /* TripViewCell.xib */; };
		1D2989912351FE5B0040652E /* RootWireframe.swift in Sources */ = {isa = PBXBuildFile; fileRef = 1D2989902351FE5B0040652E /* RootWireframe.swift */; };
		1D2989932351FE9C0040652E /* BookingsRouter.swift in Sources */ = {isa = PBXBuildFile; fileRef = 1D2989922351FE9C0040652E /* BookingsRouter.swift */; };
		1D298995235201ED0040652E /* AddTripView.swift in Sources */ = {isa = PBXBuildFile; fileRef = 1D298994235201ED0040652E /* AddTripView.swift */; };
		1D298997235202440040652E /* AddTripPresenter.swift in Sources */ = {isa = PBXBuildFile; fileRef = 1D298996235202440040652E /* AddTripPresenter.swift */; };
		1D298999235202570040652E /* AddTripInteractor.swift in Sources */ = {isa = PBXBuildFile; fileRef = 1D298998235202570040652E /* AddTripInteractor.swift */; };
		1D29899B2352026C0040652E /* AddTripRouter.swift in Sources */ = {isa = PBXBuildFile; fileRef = 1D29899A2352026C0040652E /* AddTripRouter.swift */; };
		1D29899D235223200040652E /* PastTripsPresenter.swift in Sources */ = {isa = PBXBuildFile; fileRef = 1D29899C235223200040652E /* PastTripsPresenter.swift */; };
		1D29899F235223330040652E /* PastTripsInteractor.swift in Sources */ = {isa = PBXBuildFile; fileRef = 1D29899E235223330040652E /* PastTripsInteractor.swift */; };
		1D2989A1235223480040652E /* PastTripsRouter.swift in Sources */ = {isa = PBXBuildFile; fileRef = 1D2989A0235223480040652E /* PastTripsRouter.swift */; };
		1D2989A42352271F0040652E /* Trip.swift in Sources */ = {isa = PBXBuildFile; fileRef = 1D2989A32352271F0040652E /* Trip.swift */; };
		1D2989A7235264FF0040652E /* DataManager.swift in Sources */ = {isa = PBXBuildFile; fileRef = 1D2989A6235264FF0040652E /* DataManager.swift */; };
		1D2989A923528FA70040652E /* CoreLocation.framework in Frameworks */ = {isa = PBXBuildFile; fileRef = 1D2989A823528FA60040652E /* CoreLocation.framework */; };
		1D2989AB23528FAD0040652E /* MapKit.framework in Frameworks */ = {isa = PBXBuildFile; fileRef = 1D2989AA23528FAD0040652E /* MapKit.framework */; };
		1D2989AD23528FBB0040652E /* CoreGraphics.framework in Frameworks */ = {isa = PBXBuildFile; fileRef = 1D2989AC23528FBB0040652E /* CoreGraphics.framework */; };
		1D2989AF235319850040652E /* TripLocation.swift in Sources */ = {isa = PBXBuildFile; fileRef = 1D2989AE235319850040652E /* TripLocation.swift */; };
		1D2989B323534D5D0040652E /* Service.swift in Sources */ = {isa = PBXBuildFile; fileRef = 1D2989B223534D5D0040652E /* Service.swift */; };
		1D2989B523534DAF0040652E /* Constants.swift in Sources */ = {isa = PBXBuildFile; fileRef = 1D2989B423534DAF0040652E /* Constants.swift */; };
		1D2989B723535AE20040652E /* NetworkManager.swift in Sources */ = {isa = PBXBuildFile; fileRef = 1D2989B623535AE20040652E /* NetworkManager.swift */; };
		1D2989B923539F6B0040652E /* Extensions.swift in Sources */ = {isa = PBXBuildFile; fileRef = 1D2989B823539F6B0040652E /* Extensions.swift */; };
		1D2989BB2353B4A40040652E /* ViewModels.swift in Sources */ = {isa = PBXBuildFile; fileRef = 1D2989BA2353B4A40040652E /* ViewModels.swift */; };
		1D2989BD2353B8C40040652E /* ShadowView.swift in Sources */ = {isa = PBXBuildFile; fileRef = 1D2989BC2353B8C40040652E /* ShadowView.swift */; };
		7722DA4F3BB25DE0B422EA76 /* Pods_tripplanner.framework in Frameworks */ = {isa = PBXBuildFile; fileRef = BA0D0EC827E367E299B94618 /* Pods_tripplanner.framework */; };
/* End PBXBuildFile section */

/* Begin PBXContainerItemProxy section */
		1D258712235467E200535202 /* PBXContainerItemProxy */ = {
			isa = PBXContainerItemProxy;
			containerPortal = 1D29895E2351C0470040652E /* Project object */;
			proxyType = 1;
			remoteGlobalIDString = 1D2989652351C0470040652E;
			remoteInfo = tripplanner;
		};
/* End PBXContainerItemProxy section */

/* Begin PBXFileReference section */
		1D25870D235467E200535202 /* tripplannerTests.xctest */ = {isa = PBXFileReference; explicitFileType = wrapper.cfbundle; includeInIndex = 0; path = tripplannerTests.xctest; sourceTree = BUILT_PRODUCTS_DIR; };
		1D25870F235467E200535202 /* tripplannerTests.swift */ = {isa = PBXFileReference; lastKnownFileType = sourcecode.swift; path = tripplannerTests.swift; sourceTree = "<group>"; };
		1D258711235467E200535202 /* Info.plist */ = {isa = PBXFileReference; lastKnownFileType = text.plist.xml; path = Info.plist; sourceTree = "<group>"; };
		1D2989662351C0470040652E /* tripplanner.app */ = {isa = PBXFileReference; explicitFileType = wrapper.application; includeInIndex = 0; path = tripplanner.app; sourceTree = BUILT_PRODUCTS_DIR; };
		1D2989692351C0470040652E /* AppDelegate.swift */ = {isa = PBXFileReference; lastKnownFileType = sourcecode.swift; path = AppDelegate.swift; sourceTree = "<group>"; };
		1D29896B2351C0470040652E /* BookingsView.swift */ = {isa = PBXFileReference; lastKnownFileType = sourcecode.swift; path = BookingsView.swift; sourceTree = "<group>"; };
		1D29896D2351C0470040652E /* PastTripsView.swift */ = {isa = PBXFileReference; lastKnownFileType = sourcecode.swift; path = PastTripsView.swift; sourceTree = "<group>"; };
		1D2989702351C0470040652E /* Base */ = {isa = PBXFileReference; lastKnownFileType = file.storyboard; name = Base; path = Base.lproj/Main.storyboard; sourceTree = "<group>"; };
		1D2989722351C0480040652E /* Assets.xcassets */ = {isa = PBXFileReference; lastKnownFileType = folder.assetcatalog; path = Assets.xcassets; sourceTree = "<group>"; };
		1D2989752351C0480040652E /* Base */ = {isa = PBXFileReference; lastKnownFileType = file.storyboard; name = Base; path = Base.lproj/LaunchScreen.storyboard; sourceTree = "<group>"; };
		1D2989772351C0480040652E /* Info.plist */ = {isa = PBXFileReference; lastKnownFileType = text.plist.xml; path = Info.plist; sourceTree = "<group>"; };
		1D2989872351D18E0040652E /* BookingsPresenter.swift */ = {isa = PBXFileReference; lastKnownFileType = sourcecode.swift; path = BookingsPresenter.swift; sourceTree = "<group>"; };
		1D2989892351D1DC0040652E /* BookingsInteractor.swift */ = {isa = PBXFileReference; lastKnownFileType = sourcecode.swift; path = BookingsInteractor.swift; sourceTree = "<group>"; };
		1D29898B2351D6190040652E /* TripViewCell.swift */ = {isa = PBXFileReference; lastKnownFileType = sourcecode.swift; path = TripViewCell.swift; sourceTree = "<group>"; };
		1D29898C2351D6190040652E /* TripViewCell.xib */ = {isa = PBXFileReference; lastKnownFileType = file.xib; path = TripViewCell.xib; sourceTree = "<group>"; };
		1D2989902351FE5B0040652E /* RootWireframe.swift */ = {isa = PBXFileReference; lastKnownFileType = sourcecode.swift; path = RootWireframe.swift; sourceTree = "<group>"; };
		1D2989922351FE9C0040652E /* BookingsRouter.swift */ = {isa = PBXFileReference; lastKnownFileType = sourcecode.swift; path = BookingsRouter.swift; sourceTree = "<group>"; };
		1D298994235201ED0040652E /* AddTripView.swift */ = {isa = PBXFileReference; lastKnownFileType = sourcecode.swift; path = AddTripView.swift; sourceTree = "<group>"; };
		1D298996235202440040652E /* AddTripPresenter.swift */ = {isa = PBXFileReference; lastKnownFileType = sourcecode.swift; path = AddTripPresenter.swift; sourceTree = "<group>"; };
		1D298998235202570040652E /* AddTripInteractor.swift */ = {isa = PBXFileReference; lastKnownFileType = sourcecode.swift; path = AddTripInteractor.swift; sourceTree = "<group>"; };
		1D29899A2352026C0040652E /* AddTripRouter.swift */ = {isa = PBXFileReference; lastKnownFileType = sourcecode.swift; path = AddTripRouter.swift; sourceTree = "<group>"; };
		1D29899C235223200040652E /* PastTripsPresenter.swift */ = {isa = PBXFileReference; lastKnownFileType = sourcecode.swift; path = PastTripsPresenter.swift; sourceTree = "<group>"; };
		1D29899E235223330040652E /* PastTripsInteractor.swift */ = {isa = PBXFileReference; lastKnownFileType = sourcecode.swift; path = PastTripsInteractor.swift; sourceTree = "<group>"; };
		1D2989A0235223480040652E /* PastTripsRouter.swift */ = {isa = PBXFileReference; lastKnownFileType = sourcecode.swift; path = PastTripsRouter.swift; sourceTree = "<group>"; };
		1D2989A32352271F0040652E /* Trip.swift */ = {isa = PBXFileReference; lastKnownFileType = sourcecode.swift; path = Trip.swift; sourceTree = "<group>"; };
		1D2989A6235264FF0040652E /* DataManager.swift */ = {isa = PBXFileReference; lastKnownFileType = sourcecode.swift; path = DataManager.swift; sourceTree = "<group>"; };
		1D2989A823528FA60040652E /* CoreLocation.framework */ = {isa = PBXFileReference; lastKnownFileType = wrapper.framework; name = CoreLocation.framework; path = System/Library/Frameworks/CoreLocation.framework; sourceTree = SDKROOT; };
		1D2989AA23528FAD0040652E /* MapKit.framework */ = {isa = PBXFileReference; lastKnownFileType = wrapper.framework; name = MapKit.framework; path = System/Library/Frameworks/MapKit.framework; sourceTree = SDKROOT; };
		1D2989AC23528FBB0040652E /* CoreGraphics.framework */ = {isa = PBXFileReference; lastKnownFileType = wrapper.framework; name = CoreGraphics.framework; path = System/Library/Frameworks/CoreGraphics.framework; sourceTree = SDKROOT; };
		1D2989AE235319850040652E /* TripLocation.swift */ = {isa = PBXFileReference; lastKnownFileType = sourcecode.swift; path = TripLocation.swift; sourceTree = "<group>"; };
		1D2989B223534D5D0040652E /* Service.swift */ = {isa = PBXFileReference; fileEncoding = 4; lastKnownFileType = sourcecode.swift; path = Service.swift; sourceTree = "<group>"; };
		1D2989B423534DAF0040652E /* Constants.swift */ = {isa = PBXFileReference; lastKnownFileType = sourcecode.swift; path = Constants.swift; sourceTree = "<group>"; };
		1D2989B623535AE20040652E /* NetworkManager.swift */ = {isa = PBXFileReference; lastKnownFileType = sourcecode.swift; path = NetworkManager.swift; sourceTree = "<group>"; };
		1D2989B823539F6B0040652E /* Extensions.swift */ = {isa = PBXFileReference; lastKnownFileType = sourcecode.swift; name = Extensions.swift; path = tripplanner/Source/Network/Extensions.swift; sourceTree = SOURCE_ROOT; };
		1D2989BA2353B4A40040652E /* ViewModels.swift */ = {isa = PBXFileReference; lastKnownFileType = sourcecode.swift; path = ViewModels.swift; sourceTree = "<group>"; };
		1D2989BC2353B8C40040652E /* ShadowView.swift */ = {isa = PBXFileReference; lastKnownFileType = sourcecode.swift; path = ShadowView.swift; sourceTree = "<group>"; };
		4ADB43CF04E75892ADEF2AB3 /* Pods-tripplanner.debug.xcconfig */ = {isa = PBXFileReference; includeInIndex = 1; lastKnownFileType = text.xcconfig; name = "Pods-tripplanner.debug.xcconfig"; path = "Target Support Files/Pods-tripplanner/Pods-tripplanner.debug.xcconfig"; sourceTree = "<group>"; };
		BA0D0EC827E367E299B94618 /* Pods_tripplanner.framework */ = {isa = PBXFileReference; explicitFileType = wrapper.framework; includeInIndex = 0; path = Pods_tripplanner.framework; sourceTree = BUILT_PRODUCTS_DIR; };
		DE1C7145A5A5F5ABCF53F2C9 /* Pods-tripplanner.release.xcconfig */ = {isa = PBXFileReference; includeInIndex = 1; lastKnownFileType = text.xcconfig; name = "Pods-tripplanner.release.xcconfig"; path = "Target Support Files/Pods-tripplanner/Pods-tripplanner.release.xcconfig"; sourceTree = "<group>"; };
/* End PBXFileReference section */

/* Begin PBXFrameworksBuildPhase section */
		1D25870A235467E200535202 /* Frameworks */ = {
			isa = PBXFrameworksBuildPhase;
			buildActionMask = 2147483647;
			files = (
			);
			runOnlyForDeploymentPostprocessing = 0;
		};
		1D2989632351C0470040652E /* Frameworks */ = {
			isa = PBXFrameworksBuildPhase;
			buildActionMask = 2147483647;
			files = (
				1D2989AD23528FBB0040652E /* CoreGraphics.framework in Frameworks */,
				1D2989AB23528FAD0040652E /* MapKit.framework in Frameworks */,
				1D2989A923528FA70040652E /* CoreLocation.framework in Frameworks */,
				7722DA4F3BB25DE0B422EA76 /* Pods_tripplanner.framework in Frameworks */,
			);
			runOnlyForDeploymentPostprocessing = 0;
		};
/* End PBXFrameworksBuildPhase section */

/* Begin PBXGroup section */
		1D25870E235467E200535202 /* tripplannerTests */ = {
			isa = PBXGroup;
			children = (
				1D25870F235467E200535202 /* tripplannerTests.swift */,
				1D258711235467E200535202 /* Info.plist */,
			);
			path = tripplannerTests;
			sourceTree = "<group>";
		};
		1D29895D2351C0470040652E = {
			isa = PBXGroup;
			children = (
				1D2989682351C0470040652E /* tripplanner */,
				1D25870E235467E200535202 /* tripplannerTests */,
				1D2989672351C0470040652E /* Products */,
				67B3AE93EB42A96082C5FA9B /* Pods */,
				2922ACBEE9981FEC3DF67F93 /* Frameworks */,
			);
			sourceTree = "<group>";
		};
		1D2989672351C0470040652E /* Products */ = {
			isa = PBXGroup;
			children = (
				1D2989662351C0470040652E /* tripplanner.app */,
				1D25870D235467E200535202 /* tripplannerTests.xctest */,
			);
			name = Products;
			sourceTree = "<group>";
		};
		1D2989682351C0470040652E /* tripplanner */ = {
			isa = PBXGroup;
			children = (
				1D2989A523522CA50040652E /* Source */,
				1D2989772351C0480040652E /* Info.plist */,
				1D2989832351CEF90040652E /* Resources */,
			);
			path = tripplanner;
			sourceTree = "<group>";
		};
		1D29897D2351CE580040652E /* Current&Upcoming */ = {
			isa = PBXGroup;
			children = (
				1D29896B2351C0470040652E /* BookingsView.swift */,
				1D2989872351D18E0040652E /* BookingsPresenter.swift */,
				1D2989892351D1DC0040652E /* BookingsInteractor.swift */,
				1D2989922351FE9C0040652E /* BookingsRouter.swift */,
			);
			path = "Current&Upcoming";
			sourceTree = "<group>";
		};
		1D29897F2351CE710040652E /* AddTrip */ = {
			isa = PBXGroup;
			children = (
				1D298994235201ED0040652E /* AddTripView.swift */,
				1D298996235202440040652E /* AddTripPresenter.swift */,
				1D298998235202570040652E /* AddTripInteractor.swift */,
				1D29899A2352026C0040652E /* AddTripRouter.swift */,
			);
			path = AddTrip;
			sourceTree = "<group>";
		};
		1D2989802351CEB40040652E /* PastTrips */ = {
			isa = PBXGroup;
			children = (
				1D29896D2351C0470040652E /* PastTripsView.swift */,
				1D29899C235223200040652E /* PastTripsPresenter.swift */,
				1D29899E235223330040652E /* PastTripsInteractor.swift */,
				1D2989A0235223480040652E /* PastTripsRouter.swift */,
			);
			path = PastTrips;
			sourceTree = "<group>";
		};
		1D2989812351CEC50040652E /* Common */ = {
			isa = PBXGroup;
			children = (
				1D2989842351CF210040652E /* Views */,
				1D2989902351FE5B0040652E /* RootWireframe.swift */,
				1D2989B423534DAF0040652E /* Constants.swift */,
				1D2989BA2353B4A40040652E /* ViewModels.swift */,
			);
			path = Common;
			sourceTree = "<group>";
		};
		1D2989822351CED40040652E /* Extensions */ = {
			isa = PBXGroup;
			children = (
				1D2989B823539F6B0040652E /* Extensions.swift */,
			);
			name = Extensions;
			path = ../Extensions;
			sourceTree = "<group>";
		};
		1D2989832351CEF90040652E /* Resources */ = {
			isa = PBXGroup;
			children = (
				1D2989722351C0480040652E /* Assets.xcassets */,
				1D29896F2351C0470040652E /* Main.storyboard */,
				1D2989742351C0480040652E /* LaunchScreen.storyboard */,
			);
			path = Resources;
			sourceTree = "<group>";
		};
		1D2989842351CF210040652E /* Views */ = {
			isa = PBXGroup;
			children = (
				1D29898B2351D6190040652E /* TripViewCell.swift */,
				1D29898C2351D6190040652E /* TripViewCell.xib */,
				1D2989BC2353B8C40040652E /* ShadowView.swift */,
			);
			path = Views;
			sourceTree = "<group>";
		};
		1D29898F2351E86F0040652E /* Feature */ = {
			isa = PBXGroup;
			children = (
				1D2989802351CEB40040652E /* PastTrips */,
				1D29897F2351CE710040652E /* AddTrip */,
				1D29897D2351CE580040652E /* Current&Upcoming */,
			);
			path = Feature;
			sourceTree = "<group>";
		};
		1D2989A2235227080040652E /* Model */ = {
			isa = PBXGroup;
			children = (
				1D2989A6235264FF0040652E /* DataManager.swift */,
				1D2989A32352271F0040652E /* Trip.swift */,
				1D2989AE235319850040652E /* TripLocation.swift */,
			);
			path = Model;
			sourceTree = "<group>";
		};
		1D2989A523522CA50040652E /* Source */ = {
			isa = PBXGroup;
			children = (
				1D2989B123534CEF0040652E /* Network */,
				1D2989692351C0470040652E /* AppDelegate.swift */,
				1D2989822351CED40040652E /* Extensions */,
				1D2989812351CEC50040652E /* Common */,
				1D2989A2235227080040652E /* Model */,
				1D29898F2351E86F0040652E /* Feature */,
			);
			path = Source;
			sourceTree = "<group>";
		};
		1D2989B123534CEF0040652E /* Network */ = {
			isa = PBXGroup;
			children = (
				1D2989B223534D5D0040652E /* Service.swift */,
				1D2989B623535AE20040652E /* NetworkManager.swift */,
			);
			path = Network;
			sourceTree = "<group>";
		};
		2922ACBEE9981FEC3DF67F93 /* Frameworks */ = {
			isa = PBXGroup;
			children = (
				1D2989AC23528FBB0040652E /* CoreGraphics.framework */,
				1D2989AA23528FAD0040652E /* MapKit.framework */,
				1D2989A823528FA60040652E /* CoreLocation.framework */,
				BA0D0EC827E367E299B94618 /* Pods_tripplanner.framework */,
			);
			name = Frameworks;
			sourceTree = "<group>";
		};
		67B3AE93EB42A96082C5FA9B /* Pods */ = {
			isa = PBXGroup;
			children = (
				4ADB43CF04E75892ADEF2AB3 /* Pods-tripplanner.debug.xcconfig */,
				DE1C7145A5A5F5ABCF53F2C9 /* Pods-tripplanner.release.xcconfig */,
			);
			path = Pods;
			sourceTree = "<group>";
		};
/* End PBXGroup section */

/* Begin PBXNativeTarget section */
		1D25870C235467E200535202 /* tripplannerTests */ = {
			isa = PBXNativeTarget;
			buildConfigurationList = 1D258714235467E200535202 /* Build configuration list for PBXNativeTarget "tripplannerTests" */;
			buildPhases = (
				1D258709235467E200535202 /* Sources */,
				1D25870A235467E200535202 /* Frameworks */,
				1D25870B235467E200535202 /* Resources */,
			);
			buildRules = (
			);
			dependencies = (
				1D258713235467E200535202 /* PBXTargetDependency */,
			);
			name = tripplannerTests;
			productName = tripplannerTests;
			productReference = 1D25870D235467E200535202 /* tripplannerTests.xctest */;
			productType = "com.apple.product-type.bundle.unit-test";
		};
		1D2989652351C0470040652E /* tripplanner */ = {
			isa = PBXNativeTarget;
			buildConfigurationList = 1D29897A2351C0480040652E /* Build configuration list for PBXNativeTarget "tripplanner" */;
			buildPhases = (
				C603FD615CCC80F88E14028F /* [CP] Check Pods Manifest.lock */,
				1D2989622351C0470040652E /* Sources */,
				1D2989632351C0470040652E /* Frameworks */,
				1D2989642351C0470040652E /* Resources */,
				8A3FBC901AD6F83583C9EAA6 /* [CP] Embed Pods Frameworks */,
				BAC39559421CAD3B88FED406 /* [CP] Copy Pods Resources */,
			);
			buildRules = (
			);
			dependencies = (
			);
			name = tripplanner;
			productName = tripplanner;
			productReference = 1D2989662351C0470040652E /* tripplanner.app */;
			productType = "com.apple.product-type.application";
		};
/* End PBXNativeTarget section */

/* Begin PBXProject section */
		1D29895E2351C0470040652E /* Project object */ = {
			isa = PBXProject;
			attributes = {
				LastSwiftUpdateCheck = 1030;
				LastUpgradeCheck = 1030;
				ORGANIZATIONNAME = "Sundus Abrar";
				TargetAttributes = {
					1D25870C235467E200535202 = {
						CreatedOnToolsVersion = 10.3;
						TestTargetID = 1D2989652351C0470040652E;
					};
					1D2989652351C0470040652E = {
						CreatedOnToolsVersion = 10.3;
					};
				};
			};
			buildConfigurationList = 1D2989612351C0470040652E /* Build configuration list for PBXProject "tripplanner" */;
			compatibilityVersion = "Xcode 9.3";
			developmentRegion = en;
			hasScannedForEncodings = 0;
			knownRegions = (
				en,
				Base,
			);
			mainGroup = 1D29895D2351C0470040652E;
			productRefGroup = 1D2989672351C0470040652E /* Products */;
			projectDirPath = "";
			projectRoot = "";
			targets = (
				1D2989652351C0470040652E /* tripplanner */,
				1D25870C235467E200535202 /* tripplannerTests */,
			);
		};
/* End PBXProject section */

/* Begin PBXResourcesBuildPhase section */
		1D25870B235467E200535202 /* Resources */ = {
			isa = PBXResourcesBuildPhase;
			buildActionMask = 2147483647;
			files = (
			);
			runOnlyForDeploymentPostprocessing = 0;
		};
		1D2989642351C0470040652E /* Resources */ = {
			isa = PBXResourcesBuildPhase;
			buildActionMask = 2147483647;
			files = (
				1D2989762351C0480040652E /* LaunchScreen.storyboard in Resources */,
				1D2989732351C0480040652E /* Assets.xcassets in Resources */,
				1D2989712351C0470040652E /* Main.storyboard in Resources */,
				1D29898E2351D6190040652E /* TripViewCell.xib in Resources */,
			);
			runOnlyForDeploymentPostprocessing = 0;
		};
/* End PBXResourcesBuildPhase section */

/* Begin PBXShellScriptBuildPhase section */
		8A3FBC901AD6F83583C9EAA6 /* [CP] Embed Pods Frameworks */ = {
			isa = PBXShellScriptBuildPhase;
			buildActionMask = 2147483647;
			files = (
			);
			inputFileListPaths = (
				"${PODS_ROOT}/Target Support Files/Pods-tripplanner/Pods-tripplanner-frameworks-${CONFIGURATION}-input-files.xcfilelist",
			);
			name = "[CP] Embed Pods Frameworks";
			outputFileListPaths = (
				"${PODS_ROOT}/Target Support Files/Pods-tripplanner/Pods-tripplanner-frameworks-${CONFIGURATION}-output-files.xcfilelist",
			);
			runOnlyForDeploymentPostprocessing = 0;
			shellPath = /bin/sh;
			shellScript = "\"${PODS_ROOT}/Target Support Files/Pods-tripplanner/Pods-tripplanner-frameworks.sh\"\n";
			showEnvVarsInLog = 0;
		};
		BAC39559421CAD3B88FED406 /* [CP] Copy Pods Resources */ = {
			isa = PBXShellScriptBuildPhase;
			buildActionMask = 2147483647;
			files = (
			);
			inputFileListPaths = (
				"${PODS_ROOT}/Target Support Files/Pods-tripplanner/Pods-tripplanner-resources-${CONFIGURATION}-input-files.xcfilelist",
			);
			name = "[CP] Copy Pods Resources";
			outputFileListPaths = (
				"${PODS_ROOT}/Target Support Files/Pods-tripplanner/Pods-tripplanner-resources-${CONFIGURATION}-output-files.xcfilelist",
			);
			runOnlyForDeploymentPostprocessing = 0;
			shellPath = /bin/sh;
			shellScript = "\"${PODS_ROOT}/Target Support Files/Pods-tripplanner/Pods-tripplanner-resources.sh\"\n";
			showEnvVarsInLog = 0;
		};
		C603FD615CCC80F88E14028F /* [CP] Check Pods Manifest.lock */ = {
			isa = PBXShellScriptBuildPhase;
			buildActionMask = 2147483647;
			files = (
			);
			inputFileListPaths = (
			);
			inputPaths = (
				"${PODS_PODFILE_DIR_PATH}/Podfile.lock",
				"${PODS_ROOT}/Manifest.lock",
			);
			name = "[CP] Check Pods Manifest.lock";
			outputFileListPaths = (
			);
			outputPaths = (
				"$(DERIVED_FILE_DIR)/Pods-tripplanner-checkManifestLockResult.txt",
			);
			runOnlyForDeploymentPostprocessing = 0;
			shellPath = /bin/sh;
			shellScript = "diff \"${PODS_PODFILE_DIR_PATH}/Podfile.lock\" \"${PODS_ROOT}/Manifest.lock\" > /dev/null\nif [ $? != 0 ] ; then\n    # print error to STDERR\n    echo \"error: The sandbox is not in sync with the Podfile.lock. Run 'pod install' or update your CocoaPods installation.\" >&2\n    exit 1\nfi\n# This output is used by Xcode 'outputs' to avoid re-running this script phase.\necho \"SUCCESS\" > \"${SCRIPT_OUTPUT_FILE_0}\"\n";
			showEnvVarsInLog = 0;
		};
/* End PBXShellScriptBuildPhase section */

/* Begin PBXSourcesBuildPhase section */
		1D258709235467E200535202 /* Sources */ = {
			isa = PBXSourcesBuildPhase;
			buildActionMask = 2147483647;
			files = (
				1D258710235467E200535202 /* tripplannerTests.swift in Sources */,
			);
			runOnlyForDeploymentPostprocessing = 0;
		};
		1D2989622351C0470040652E /* Sources */ = {
			isa = PBXSourcesBuildPhase;
			buildActionMask = 2147483647;
			files = (
				1D2989932351FE9C0040652E /* BookingsRouter.swift in Sources */,
				1D298997235202440040652E /* AddTripPresenter.swift in Sources */,
				1D298999235202570040652E /* AddTripInteractor.swift in Sources */,
				1D2989B723535AE20040652E /* NetworkManager.swift in Sources */,
				1D29899F235223330040652E /* PastTripsInteractor.swift in Sources */,
				1D2989A42352271F0040652E /* Trip.swift in Sources */,
				1D29899B2352026C0040652E /* AddTripRouter.swift in Sources */,
				1D29896E2351C0470040652E /* PastTripsView.swift in Sources */,
				1D29898A2351D1DC0040652E /* BookingsInteractor.swift in Sources */,
				1D2989B923539F6B0040652E /* Extensions.swift in Sources */,
				1D2989912351FE5B0040652E /* RootWireframe.swift in Sources */,
				1D2989A7235264FF0040652E /* DataManager.swift in Sources */,
				1D2989BD2353B8C40040652E /* ShadowView.swift in Sources */,
				1D2989B323534D5D0040652E /* Service.swift in Sources */,
				1D29896A2351C0470040652E /* AppDelegate.swift in Sources */,
				1D298995235201ED0040652E /* AddTripView.swift in Sources */,
				1D2989A1235223480040652E /* PastTripsRouter.swift in Sources */,
				1D29899D235223200040652E /* PastTripsPresenter.swift in Sources */,
				1D2989B523534DAF0040652E /* Constants.swift in Sources */,
				1D29896C2351C0470040652E /* BookingsView.swift in Sources */,
				1D2989BB2353B4A40040652E /* ViewModels.swift in Sources */,
				1D2989882351D18E0040652E /* BookingsPresenter.swift in Sources */,
				1D29898D2351D6190040652E /* TripViewCell.swift in Sources */,
				1D2989AF235319850040652E /* TripLocation.swift in Sources */,
			);
			runOnlyForDeploymentPostprocessing = 0;
		};
/* End PBXSourcesBuildPhase section */

/* Begin PBXTargetDependency section */
		1D258713235467E200535202 /* PBXTargetDependency */ = {
			isa = PBXTargetDependency;
			target = 1D2989652351C0470040652E /* tripplanner */;
			targetProxy = 1D258712235467E200535202 /* PBXContainerItemProxy */;
		};
/* End PBXTargetDependency section */

/* Begin PBXVariantGroup section */
		1D29896F2351C0470040652E /* Main.storyboard */ = {
			isa = PBXVariantGroup;
			children = (
				1D2989702351C0470040652E /* Base */,
			);
			name = Main.storyboard;
			sourceTree = "<group>";
		};
		1D2989742351C0480040652E /* LaunchScreen.storyboard */ = {
			isa = PBXVariantGroup;
			children = (
				1D2989752351C0480040652E /* Base */,
			);
			name = LaunchScreen.storyboard;
			sourceTree = "<group>";
		};
/* End PBXVariantGroup section */

/* Begin XCBuildConfiguration section */
		1D258715235467E200535202 /* Debug */ = {
			isa = XCBuildConfiguration;
			buildSettings = {
				BUNDLE_LOADER = "$(TEST_HOST)";
				CODE_SIGN_STYLE = Automatic;
				INFOPLIST_FILE = tripplannerTests/Info.plist;
				LD_RUNPATH_SEARCH_PATHS = (
					"$(inherited)",
					"@executable_path/Frameworks",
					"@loader_path/Frameworks",
				);
				PRODUCT_BUNDLE_IDENTIFIER = test.tripplannerTests;
				PRODUCT_NAME = "$(TARGET_NAME)";
				SWIFT_VERSION = 5.0;
				TARGETED_DEVICE_FAMILY = "1,2";
				TEST_HOST = "$(BUILT_PRODUCTS_DIR)/tripplanner.app/tripplanner";
			};
			name = Debug;
		};
		1D258716235467E200535202 /* Release */ = {
			isa = XCBuildConfiguration;
			buildSettings = {
				BUNDLE_LOADER = "$(TEST_HOST)";
				CODE_SIGN_STYLE = Automatic;
				INFOPLIST_FILE = tripplannerTests/Info.plist;
				LD_RUNPATH_SEARCH_PATHS = (
					"$(inherited)",
					"@executable_path/Frameworks",
					"@loader_path/Frameworks",
				);
				PRODUCT_BUNDLE_IDENTIFIER = test.tripplannerTests;
				PRODUCT_NAME = "$(TARGET_NAME)";
				SWIFT_VERSION = 5.0;
				TARGETED_DEVICE_FAMILY = "1,2";
				TEST_HOST = "$(BUILT_PRODUCTS_DIR)/tripplanner.app/tripplanner";
			};
			name = Release;
		};
		1D2989782351C0480040652E /* Debug */ = {
			isa = XCBuildConfiguration;
			buildSettings = {
				ALWAYS_SEARCH_USER_PATHS = NO;
				CLANG_ANALYZER_NONNULL = YES;
				CLANG_ANALYZER_NUMBER_OBJECT_CONVERSION = YES_AGGRESSIVE;
				CLANG_CXX_LANGUAGE_STANDARD = "gnu++14";
				CLANG_CXX_LIBRARY = "libc++";
				CLANG_ENABLE_MODULES = YES;
				CLANG_ENABLE_OBJC_ARC = YES;
				CLANG_ENABLE_OBJC_WEAK = YES;
				CLANG_WARN_BLOCK_CAPTURE_AUTORELEASING = YES;
				CLANG_WARN_BOOL_CONVERSION = YES;
				CLANG_WARN_COMMA = YES;
				CLANG_WARN_CONSTANT_CONVERSION = YES;
				CLANG_WARN_DEPRECATED_OBJC_IMPLEMENTATIONS = YES;
				CLANG_WARN_DIRECT_OBJC_ISA_USAGE = YES_ERROR;
				CLANG_WARN_DOCUMENTATION_COMMENTS = YES;
				CLANG_WARN_EMPTY_BODY = YES;
				CLANG_WARN_ENUM_CONVERSION = YES;
				CLANG_WARN_INFINITE_RECURSION = YES;
				CLANG_WARN_INT_CONVERSION = YES;
				CLANG_WARN_NON_LITERAL_NULL_CONVERSION = YES;
				CLANG_WARN_OBJC_IMPLICIT_RETAIN_SELF = YES;
				CLANG_WARN_OBJC_LITERAL_CONVERSION = YES;
				CLANG_WARN_OBJC_ROOT_CLASS = YES_ERROR;
				CLANG_WARN_RANGE_LOOP_ANALYSIS = YES;
				CLANG_WARN_STRICT_PROTOTYPES = YES;
				CLANG_WARN_SUSPICIOUS_MOVE = YES;
				CLANG_WARN_UNGUARDED_AVAILABILITY = YES_AGGRESSIVE;
				CLANG_WARN_UNREACHABLE_CODE = YES;
				CLANG_WARN__DUPLICATE_METHOD_MATCH = YES;
				CODE_SIGN_IDENTITY = "iPhone Developer";
				COPY_PHASE_STRIP = NO;
				DEBUG_INFORMATION_FORMAT = dwarf;
				ENABLE_STRICT_OBJC_MSGSEND = YES;
				ENABLE_TESTABILITY = YES;
				GCC_C_LANGUAGE_STANDARD = gnu11;
				GCC_DYNAMIC_NO_PIC = NO;
				GCC_NO_COMMON_BLOCKS = YES;
				GCC_OPTIMIZATION_LEVEL = 0;
				GCC_PREPROCESSOR_DEFINITIONS = (
					"DEBUG=1",
					"$(inherited)",
				);
				GCC_WARN_64_TO_32_BIT_CONVERSION = YES;
				GCC_WARN_ABOUT_RETURN_TYPE = YES_ERROR;
				GCC_WARN_UNDECLARED_SELECTOR = YES;
				GCC_WARN_UNINITIALIZED_AUTOS = YES_AGGRESSIVE;
				GCC_WARN_UNUSED_FUNCTION = YES;
				GCC_WARN_UNUSED_VARIABLE = YES;
				IPHONEOS_DEPLOYMENT_TARGET = 12.4;
				MTL_ENABLE_DEBUG_INFO = INCLUDE_SOURCE;
				MTL_FAST_MATH = YES;
				ONLY_ACTIVE_ARCH = YES;
				SDKROOT = iphoneos;
				SWIFT_ACTIVE_COMPILATION_CONDITIONS = DEBUG;
				SWIFT_OPTIMIZATION_LEVEL = "-Onone";
			};
			name = Debug;
		};
		1D2989792351C0480040652E /* Release */ = {
			isa = XCBuildConfiguration;
			buildSettings = {
				ALWAYS_SEARCH_USER_PATHS = NO;
				CLANG_ANALYZER_NONNULL = YES;
				CLANG_ANALYZER_NUMBER_OBJECT_CONVERSION = YES_AGGRESSIVE;
				CLANG_CXX_LANGUAGE_STANDARD = "gnu++14";
				CLANG_CXX_LIBRARY = "libc++";
				CLANG_ENABLE_MODULES = YES;
				CLANG_ENABLE_OBJC_ARC = YES;
				CLANG_ENABLE_OBJC_WEAK = YES;
				CLANG_WARN_BLOCK_CAPTURE_AUTORELEASING = YES;
				CLANG_WARN_BOOL_CONVERSION = YES;
				CLANG_WARN_COMMA = YES;
				CLANG_WARN_CONSTANT_CONVERSION = YES;
				CLANG_WARN_DEPRECATED_OBJC_IMPLEMENTATIONS = YES;
				CLANG_WARN_DIRECT_OBJC_ISA_USAGE = YES_ERROR;
				CLANG_WARN_DOCUMENTATION_COMMENTS = YES;
				CLANG_WARN_EMPTY_BODY = YES;
				CLANG_WARN_ENUM_CONVERSION = YES;
				CLANG_WARN_INFINITE_RECURSION = YES;
				CLANG_WARN_INT_CONVERSION = YES;
				CLANG_WARN_NON_LITERAL_NULL_CONVERSION = YES;
				CLANG_WARN_OBJC_IMPLICIT_RETAIN_SELF = YES;
				CLANG_WARN_OBJC_LITERAL_CONVERSION = YES;
				CLANG_WARN_OBJC_ROOT_CLASS = YES_ERROR;
				CLANG_WARN_RANGE_LOOP_ANALYSIS = YES;
				CLANG_WARN_STRICT_PROTOTYPES = YES;
				CLANG_WARN_SUSPICIOUS_MOVE = YES;
				CLANG_WARN_UNGUARDED_AVAILABILITY = YES_AGGRESSIVE;
				CLANG_WARN_UNREACHABLE_CODE = YES;
				CLANG_WARN__DUPLICATE_METHOD_MATCH = YES;
				CODE_SIGN_IDENTITY = "iPhone Developer";
				COPY_PHASE_STRIP = NO;
				DEBUG_INFORMATION_FORMAT = "dwarf-with-dsym";
				ENABLE_NS_ASSERTIONS = NO;
				ENABLE_STRICT_OBJC_MSGSEND = YES;
				GCC_C_LANGUAGE_STANDARD = gnu11;
				GCC_NO_COMMON_BLOCKS = YES;
				GCC_WARN_64_TO_32_BIT_CONVERSION = YES;
				GCC_WARN_ABOUT_RETURN_TYPE = YES_ERROR;
				GCC_WARN_UNDECLARED_SELECTOR = YES;
				GCC_WARN_UNINITIALIZED_AUTOS = YES_AGGRESSIVE;
				GCC_WARN_UNUSED_FUNCTION = YES;
				GCC_WARN_UNUSED_VARIABLE = YES;
				IPHONEOS_DEPLOYMENT_TARGET = 12.4;
				MTL_ENABLE_DEBUG_INFO = NO;
				MTL_FAST_MATH = YES;
				SDKROOT = iphoneos;
				SWIFT_COMPILATION_MODE = wholemodule;
				SWIFT_OPTIMIZATION_LEVEL = "-O";
				VALIDATE_PRODUCT = YES;
			};
			name = Release;
		};
		1D29897B2351C0480040652E /* Debug */ = {
			isa = XCBuildConfiguration;
			baseConfigurationReference = 4ADB43CF04E75892ADEF2AB3 /* Pods-tripplanner.debug.xcconfig */;
			buildSettings = {
				ASSETCATALOG_COMPILER_APPICON_NAME = AppIcon;
				CODE_SIGN_STYLE = Automatic;
				INFOPLIST_FILE = tripplanner/Info.plist;
				LD_RUNPATH_SEARCH_PATHS = (
					"$(inherited)",
					"@executable_path/Frameworks",
				);
				PRODUCT_BUNDLE_IDENTIFIER = test.tripplanner;
				PRODUCT_NAME = "$(TARGET_NAME)";
				SWIFT_VERSION = 5.0;
				TARGETED_DEVICE_FAMILY = "1,2";
			};
			name = Debug;
		};
		1D29897C2351C0480040652E /* Release */ = {
			isa = XCBuildConfiguration;
			baseConfigurationReference = DE1C7145A5A5F5ABCF53F2C9 /* Pods-tripplanner.release.xcconfig */;
			buildSettings = {
				ASSETCATALOG_COMPILER_APPICON_NAME = AppIcon;
				CODE_SIGN_STYLE = Automatic;
				INFOPLIST_FILE = tripplanner/Info.plist;
				LD_RUNPATH_SEARCH_PATHS = (
					"$(inherited)",
					"@executable_path/Frameworks",
				);
				PRODUCT_BUNDLE_IDENTIFIER = test.tripplanner;
				PRODUCT_NAME = "$(TARGET_NAME)";
				SWIFT_VERSION = 5.0;
				TARGETED_DEVICE_FAMILY = "1,2";
			};
			name = Release;
		};
/* End XCBuildConfiguration section */

/* Begin XCConfigurationList section */
		1D258714235467E200535202 /* Build configuration list for PBXNativeTarget "tripplannerTests" */ = {
			isa = XCConfigurationList;
			buildConfigurations = (
				1D258715235467E200535202 /* Debug */,
				1D258716235467E200535202 /* Release */,
			);
			defaultConfigurationIsVisible = 0;
			defaultConfigurationName = Release;
		};
		1D2989612351C0470040652E /* Build configuration list for PBXProject "tripplanner" */ = {
			isa = XCConfigurationList;
			buildConfigurations = (
				1D2989782351C0480040652E /* Debug */,
				1D2989792351C0480040652E /* Release */,
			);
			defaultConfigurationIsVisible = 0;
			defaultConfigurationName = Release;
		};
		1D29897A2351C0480040652E /* Build configuration list for PBXNativeTarget "tripplanner" */ = {
			isa = XCConfigurationList;
			buildConfigurations = (
				1D29897B2351C0480040652E /* Debug */,
				1D29897C2351C0480040652E /* Release */,
			);
			defaultConfigurationIsVisible = 0;
			defaultConfigurationName = Release;
		};
/* End XCConfigurationList section */
	};
	rootObject = 1D29895E2351C0470040652E /* Project object */;
}
